
Microsoft Visual Studio Solution File, Format Version 12.00
# Visual Studio 15
VisualStudioVersion = 15.0.28010.2026
MinimumVisualStudioVersion = 10.0.40219.1
Project("{9A19103F-16F7-4668-BE54-9A1E7A4F7556}") = "dig", "dig.csproj", "{EB101E27-FC6B-4FEB-8A15-E0C7AA1E04A8}"
EndProject
Global
	GlobalSection(SolutionConfigurationPlatforms) = preSolution
		Debug|Any CPU = Debug|Any CPU
		Release|Any CPU = Release|Any CPU
	EndGlobalSection
	GlobalSection(ProjectConfigurationPlatforms) = postSolution
		{EB101E27-FC6B-4FEB-8A15-E0C7AA1E04A8}.Debug|Any CPU.ActiveCfg = Debug|Any CPU
		{EB101E27-FC6B-4FEB-8A15-E0C7AA1E04A8}.Debug|Any CPU.Build.0 = Debug|Any CPU
		{EB101E27-FC6B-4FEB-8A15-E0C7AA1E04A8}.Release|Any CPU.ActiveCfg = Release|Any CPU
		{EB101E27-FC6B-4FEB-8A15-E0C7AA1E04A8}.Release|Any CPU.Build.0 = Release|Any CPU
	EndGlobalSection
	GlobalSection(SolutionProperties) = preSolution
		HideSolutionNode = FALSE
	EndGlobalSection
	GlobalSection(ExtensibilityGlobals) = postSolution
		SolutionGuid = {723374BC-3994-4E4B-B64E-2EAFD54E2BF3}
	EndGlobalSection
EndGlobal
